
Microsoft Visual Studio Solution File, Format Version 12.00
# Visual Studio 14
VisualStudioVersion = 14.0.24720.0
MinimumVisualStudioVersion = 10.0.40219.1
Project("{F2A71F9B-5D33-465A-A702-920D77279786}") = "2-3", "2-3\2-3.fsproj", "{F55C6414-40EA-4510-BCD5-DF44D215B392}"
EndProject
Global
	GlobalSection(SolutionConfigurationPlatforms) = preSolution
		Debug|Any CPU = Debug|Any CPU
		Release|Any CPU = Release|Any CPU
	EndGlobalSection
	GlobalSection(ProjectConfigurationPlatforms) = postSolution
		{F55C6414-40EA-4510-BCD5-DF44D215B392}.Debug|Any CPU.ActiveCfg = Debug|Any CPU
		{F55C6414-40EA-4510-BCD5-DF44D215B392}.Debug|Any CPU.Build.0 = Debug|Any CPU
		{F55C6414-40EA-4510-BCD5-DF44D215B392}.Release|Any CPU.ActiveCfg = Release|Any CPU
		{F55C6414-40EA-4510-BCD5-DF44D215B392}.Release|Any CPU.Build.0 = Release|Any CPU
	EndGlobalSection
	GlobalSection(SolutionProperties) = preSolution
		HideSolutionNode = FALSE
	EndGlobalSection
EndGlobal
